<?xml version="1.0" encoding="UTF-8"?>
<Scheme
   LastUpgradeVersion = "0640"
   version = "2.0">
   <BuildAction
      parallelizeBuildables = "YES"
      buildImplicitDependencies = "YES">
      <BuildActionEntries>
         <BuildActionEntry
            buildForTesting = "YES"
            buildForRunning = "YES"
            buildForProfiling = "YES"
            buildForArchiving = "YES"
            buildForAnalyzing = "YES">
            <BuildableReference
               BuildableIdentifier = "primary"
               BlueprintIdentifier = "38A7DD501B5962C800C77619"
               BuildableName = "WatchKitPark WatchKit App.app"
               BlueprintName = "WatchKitPark WatchKit App"
               ReferencedContainer = "container:WatchKitPark.xcodeproj">
            </BuildableReference>
         </BuildActionEntry>
         <BuildActionEntry
            buildForTesting = "YES"
            buildForRunning = "YES"
            buildForProfiling = "YES"
            buildForArchiving = "YES"
            buildForAnalyzing = "YES">
            <BuildableReference
               BuildableIdentifier = "primary"
               BlueprintIdentifier = "38A7DD3E1B5962C800C77619"
               BuildableName = "WatchKitPark WatchKit Extension.appex"
               BlueprintName = "WatchKitPark WatchKit Extension"
               ReferencedContainer = "container:WatchKitPark.xcodeproj">
            </BuildableReference>
         </BuildActionEntry>
         <BuildActionEntry
            buildForTesting = "YES"
            buildForRunning = "YES"
            buildForProfiling = "YES"
            buildForArchiving = "YES"
            buildForAnalyzing = "YES">
            <BuildableReference
               BuildableIdentifier = "primary"
               BlueprintIdentifier = "858B83EF18CA22B800AB12DE"
               BuildableName = "WatchKitPark.app"
               BlueprintName = "WatchKitPark"
               ReferencedContainer = "container:WatchKitPark.xcodeproj">
            </BuildableReference>
         </BuildActionEntry>
      </BuildActionEntries>
   </BuildAction>
   <TestAction
      selectedDebuggerIdentifier = "Xcode.DebuggerFoundation.Debugger.LLDB"
      selectedLauncherIdentifier = "Xcode.DebuggerFoundation.Launcher.LLDB"
      shouldUseLaunchSchemeArgsEnv = "YES"
      buildConfiguration = "Debug">
      <Testables>
      </Testables>
      <MacroExpansion>
         <BuildableReference
            BuildableIdentifier = "primary"
            BlueprintIdentifier = "38A7DD501B5962C800C77619"
            BuildableName = "WatchKitPark WatchKit App.app"
            BlueprintName = "WatchKitPark WatchKit App"
            ReferencedContainer = "container:WatchKitPark.xcodeproj">
         </BuildableReference>
      </MacroExpansion>
   </TestAction>
   <LaunchAction
      selectedDebuggerIdentifier = "Xcode.DebuggerFoundation.Debugger.LLDB"
      selectedLauncherIdentifier = "Xcode.DebuggerFoundation.Launcher.LLDB"
      launchStyle = "0"
      useCustomWorkingDirectory = "NO"
      buildConfiguration = "Debug"
      ignoresPersistentStateOnLaunch = "NO"
      debugDocumentVersioning = "YES"
      allowLocationSimulation = "YES"
      launchAutomaticallySubstyle = "4"
      notificationPayloadFile = "WatchKitPark WatchKit Extension/PushNotificationPayload.apns">
      <RemoteRunnable
         runnableDebuggingMode = "2"
         BundleIdentifier = "com.apple.springboard"
         RemotePath = "/WatchKitPark">
         <BuildableReference
            BuildableIdentifier = "primary"
            BlueprintIdentifier = "38A7DD501B5962C800C77619"
            BuildableName = "WatchKitPark WatchKit App.app"
            BlueprintName = "WatchKitPark WatchKit App"
            ReferencedContainer = "container:WatchKitPark.xcodeproj">
         </BuildableReference>
      </RemoteRunnable>
      <MacroExpansion>
         <BuildableReference
            BuildableIdentifier = "primary"
            BlueprintIdentifier = "38A7DD501B5962C800C77619"
            BuildableName = "WatchKitPark WatchKit App.app"
            BlueprintName = "WatchKitPark WatchKit App"
            ReferencedContainer = "container:WatchKitPark.xcodeproj">
         </BuildableReference>
      </MacroExpansion>
      <AdditionalOptions>
      </AdditionalOptions>
   </LaunchAction>
   <ProfileAction
      shouldUseLaunchSchemeArgsEnv = "YES"
      savedToolIdentifier = ""
      useCustomWorkingDirectory = "NO"
      buildConfiguration = "Release"
      debugDocumentVersioning = "YES"
      launchAutomaticallySubstyle = "4"
      notificationPayloadFile = "WatchKitPark WatchKit Extension/PushNotificationPayload.apns">
      <RemoteRunnable
         runnableDebuggingMode = "2"
         BundleIdentifier = "com.apple.springboard"
         RemotePath = "/WatchKitPark">
         <BuildableReference
            BuildableIdentifier = "primary"
            BlueprintIdentifier = "38A7DD501B5962C800C77619"
            BuildableName = "WatchKitPark WatchKit App.app"
            BlueprintName = "WatchKitPark WatchKit App"
            ReferencedContainer = "container:WatchKitPark.xcodeproj">
         </BuildableReference>
      </RemoteRunnable>
      <MacroExpansion>
         <BuildableReference
            BuildableIdentifier = "primary"
            BlueprintIdentifier = "38A7DD501B5962C800C77619"
            BuildableName = "WatchKitPark WatchKit App.app"
            BlueprintName = "WatchKitPark WatchKit App"
            ReferencedContainer = "container:WatchKitPark.xcodeproj">
         </BuildableReference>
      </MacroExpansion>
   </ProfileAction>
   <AnalyzeAction
      buildConfiguration = "Debug">
   </AnalyzeAction>
   <ArchiveAction
      buildConfiguration = "Release"
      revealArchiveInOrganizer = "YES">
   </ArchiveAction>
</Scheme>
